// !$*UTF8*$!
{
	archiveVersion = 1;
	classes = {
	};
	objectVersion = 48;
	objects = {

/* Begin PBXBuildFile section */
		1792D02D1FAE857100332F51 /* LaunchScreen.storyboard in Resources */ = {isa = PBXBuildFile; fileRef = 1792D02B1FAE857100332F51 /* LaunchScreen.storyboard */; };
		1792D0321FAE866A00332F51 /* Main.storyboard in Resources */ = {isa = PBXBuildFile; fileRef = 1792D0311FAE866A00332F51 /* Main.storyboard */; };
		1792D0341FAEA10700332F51 /* Assets.xcassets in Resources */ = {isa = PBXBuildFile; fileRef = 1792D0331FAEA10700332F51 /* Assets.xcassets */; };
		17E610F51FAE80FA0083CFD3 /* ARSpaceTests.swift in Sources */ = {isa = PBXBuildFile; fileRef = 17E610F41FAE80FA0083CFD3 /* ARSpaceTests.swift */; };
		17E611001FAE80FA0083CFD3 /* ARSpaceUITests.swift in Sources */ = {isa = PBXBuildFile; fileRef = 17E610FF1FAE80FA0083CFD3 /* ARSpaceUITests.swift */; };
		17E6111B1FAE813B0083CFD3 /* Info.plist in Resources */ = {isa = PBXBuildFile; fileRef = 17E6110E1FAE81390083CFD3 /* Info.plist */; };
		17E6111D1FAE813B0083CFD3 /* Airplane.swift in Sources */ = {isa = PBXBuildFile; fileRef = 17E611101FAE81390083CFD3 /* Airplane.swift */; };
		17E6111E1FAE813B0083CFD3 /* starship.dae in Resources */ = {isa = PBXBuildFile; fileRef = 17E611111FAE813A0083CFD3 /* starship.dae */; };
		17E6111F1FAE813B0083CFD3 /* ViewController.swift in Sources */ = {isa = PBXBuildFile; fileRef = 17E611121FAE813A0083CFD3 /* ViewController.swift */; };
		17E611201FAE813B0083CFD3 /* art.scnassets in Resources */ = {isa = PBXBuildFile; fileRef = 17E611131FAE813A0083CFD3 /* art.scnassets */; };
		17E611211FAE813B0083CFD3 /* AppDelegate.swift in Sources */ = {isa = PBXBuildFile; fileRef = 17E611141FAE813A0083CFD3 /* AppDelegate.swift */; };
		17E611231FAE813B0083CFD3 /* Base.lproj in Resources */ = {isa = PBXBuildFile; fileRef = 17E611161FAE813A0083CFD3 /* Base.lproj */; };
		257DFDA71FAEA35600D0577D /* RendererFunctions.swift in Sources */ = {isa = PBXBuildFile; fileRef = 257DFDA61FAEA35600D0577D /* RendererFunctions.swift */; };
		FAC500BC1FAF0FAA00FEF9B5 /* Asteroid.swift in Sources */ = {isa = PBXBuildFile; fileRef = FAC500BB1FAF0FAA00FEF9B5 /* Asteroid.swift */; };
/* End PBXBuildFile section */

/* Begin PBXContainerItemProxy section */
		17E610F11FAE80FA0083CFD3 /* PBXContainerItemProxy */ = {
			isa = PBXContainerItemProxy;
			containerPortal = 17E610D21FAE80F90083CFD3 /* Project object */;
			proxyType = 1;
			remoteGlobalIDString = 17E610D91FAE80FA0083CFD3;
			remoteInfo = ARSpace;
		};
		17E610FC1FAE80FA0083CFD3 /* PBXContainerItemProxy */ = {
			isa = PBXContainerItemProxy;
			containerPortal = 17E610D21FAE80F90083CFD3 /* Project object */;
			proxyType = 1;
			remoteGlobalIDString = 17E610D91FAE80FA0083CFD3;
			remoteInfo = ARSpace;
		};
/* End PBXContainerItemProxy section */

/* Begin PBXFileReference section */
		1792D02B1FAE857100332F51 /* LaunchScreen.storyboard */ = {isa = PBXFileReference; fileEncoding = 4; lastKnownFileType = file.storyboard; path = LaunchScreen.storyboard; sourceTree = "<group>"; };
		1792D0311FAE866A00332F51 /* Main.storyboard */ = {isa = PBXFileReference; fileEncoding = 4; lastKnownFileType = file.storyboard; path = Main.storyboard; sourceTree = "<group>"; };
		1792D0331FAEA10700332F51 /* Assets.xcassets */ = {isa = PBXFileReference; lastKnownFileType = folder.assetcatalog; path = Assets.xcassets; sourceTree = "<group>"; };
		17E610DA1FAE80FA0083CFD3 /* ARSpace.app */ = {isa = PBXFileReference; explicitFileType = wrapper.application; includeInIndex = 0; path = ARSpace.app; sourceTree = BUILT_PRODUCTS_DIR; };
		17E610F01FAE80FA0083CFD3 /* ARSpaceTests.xctest */ = {isa = PBXFileReference; explicitFileType = wrapper.cfbundle; includeInIndex = 0; path = ARSpaceTests.xctest; sourceTree = BUILT_PRODUCTS_DIR; };
		17E610F41FAE80FA0083CFD3 /* ARSpaceTests.swift */ = {isa = PBXFileReference; lastKnownFileType = sourcecode.swift; path = ARSpaceTests.swift; sourceTree = "<group>"; };
		17E610F61FAE80FA0083CFD3 /* Info.plist */ = {isa = PBXFileReference; lastKnownFileType = text.plist.xml; path = Info.plist; sourceTree = "<group>"; };
		17E610FB1FAE80FA0083CFD3 /* ARSpaceUITests.xctest */ = {isa = PBXFileReference; explicitFileType = wrapper.cfbundle; includeInIndex = 0; path = ARSpaceUITests.xctest; sourceTree = BUILT_PRODUCTS_DIR; };
		17E610FF1FAE80FA0083CFD3 /* ARSpaceUITests.swift */ = {isa = PBXFileReference; lastKnownFileType = sourcecode.swift; path = ARSpaceUITests.swift; sourceTree = "<group>"; };
		17E611011FAE80FA0083CFD3 /* Info.plist */ = {isa = PBXFileReference; lastKnownFileType = text.plist.xml; path = Info.plist; sourceTree = "<group>"; };
		17E6110D1FAE81380083CFD3 /* ARSpace-Bridging-Header.h */ = {isa = PBXFileReference; lastKnownFileType = sourcecode.c.h; path = "ARSpace-Bridging-Header.h"; sourceTree = "<group>"; };
		17E6110E1FAE81390083CFD3 /* Info.plist */ = {isa = PBXFileReference; fileEncoding = 4; lastKnownFileType = text.plist.xml; path = Info.plist; sourceTree = "<group>"; };
		17E611101FAE81390083CFD3 /* Airplane.swift */ = {isa = PBXFileReference; fileEncoding = 4; lastKnownFileType = sourcecode.swift; path = Airplane.swift; sourceTree = "<group>"; };
		17E611111FAE813A0083CFD3 /* starship.dae */ = {isa = PBXFileReference; fileEncoding = 4; lastKnownFileType = text.xml.dae; path = starship.dae; sourceTree = "<group>"; };
		17E611121FAE813A0083CFD3 /* ViewController.swift */ = {isa = PBXFileReference; fileEncoding = 4; lastKnownFileType = sourcecode.swift; path = ViewController.swift; sourceTree = "<group>"; };
		17E611131FAE813A0083CFD3 /* art.scnassets */ = {isa = PBXFileReference; lastKnownFileType = wrapper.scnassets; path = art.scnassets; sourceTree = "<group>"; };
		17E611141FAE813A0083CFD3 /* AppDelegate.swift */ = {isa = PBXFileReference; fileEncoding = 4; lastKnownFileType = sourcecode.swift; path = AppDelegate.swift; sourceTree = "<group>"; };
		17E611161FAE813A0083CFD3 /* Base.lproj */ = {isa = PBXFileReference; lastKnownFileType = folder; path = Base.lproj; sourceTree = "<group>"; };
		257DFDA61FAEA35600D0577D /* RendererFunctions.swift */ = {isa = PBXFileReference; lastKnownFileType = sourcecode.swift; path = RendererFunctions.swift; sourceTree = "<group>"; };
		FAC500BB1FAF0FAA00FEF9B5 /* Asteroid.swift */ = {isa = PBXFileReference; lastKnownFileType = sourcecode.swift; path = Asteroid.swift; sourceTree = "<group>"; };
/* End PBXFileReference section */

/* Begin PBXFrameworksBuildPhase section */
		17E610D71FAE80FA0083CFD3 /* Frameworks */ = {
			isa = PBXFrameworksBuildPhase;
			buildActionMask = 2147483647;
			files = (
			);
			runOnlyForDeploymentPostprocessing = 0;
		};
		17E610ED1FAE80FA0083CFD3 /* Frameworks */ = {
			isa = PBXFrameworksBuildPhase;
			buildActionMask = 2147483647;
			files = (
			);
			runOnlyForDeploymentPostprocessing = 0;
		};
		17E610F81FAE80FA0083CFD3 /* Frameworks */ = {
			isa = PBXFrameworksBuildPhase;
			buildActionMask = 2147483647;
			files = (
			);
			runOnlyForDeploymentPostprocessing = 0;
		};
/* End PBXFrameworksBuildPhase section */

/* Begin PBXGroup section */
		17E610D11FAE80F90083CFD3 = {
			isa = PBXGroup;
			children = (
				17E610DC1FAE80FA0083CFD3 /* ARSpace */,
				17E610F31FAE80FA0083CFD3 /* ARSpaceTests */,
				17E610FE1FAE80FA0083CFD3 /* ARSpaceUITests */,
				17E610DB1FAE80FA0083CFD3 /* Products */,
			);
			sourceTree = "<group>";
		};
		17E610DB1FAE80FA0083CFD3 /* Products */ = {
			isa = PBXGroup;
			children = (
				17E610DA1FAE80FA0083CFD3 /* ARSpace.app */,
				17E610F01FAE80FA0083CFD3 /* ARSpaceTests.xctest */,
				17E610FB1FAE80FA0083CFD3 /* ARSpaceUITests.xctest */,
			);
			name = Products;
			sourceTree = "<group>";
		};
		17E610DC1FAE80FA0083CFD3 /* ARSpace */ = {
			isa = PBXGroup;
			children = (
				17E611101FAE81390083CFD3 /* Airplane.swift */,
				FAC500BB1FAF0FAA00FEF9B5 /* Asteroid.swift */,
				17E611121FAE813A0083CFD3 /* ViewController.swift */,
				257DFDA61FAEA35600D0577D /* RendererFunctions.swift */,
				17E611141FAE813A0083CFD3 /* AppDelegate.swift */,
				1792D02B1FAE857100332F51 /* LaunchScreen.storyboard */,
				1792D0311FAE866A00332F51 /* Main.storyboard */,
				1792D0331FAEA10700332F51 /* Assets.xcassets */,
				17E611131FAE813A0083CFD3 /* art.scnassets */,
				17E611161FAE813A0083CFD3 /* Base.lproj */,
				17E6110E1FAE81390083CFD3 /* Info.plist */,
				17E611111FAE813A0083CFD3 /* starship.dae */,
				17E6110D1FAE81380083CFD3 /* ARSpace-Bridging-Header.h */,
			);
			path = ARSpace;
			sourceTree = "<group>";
		};
		17E610F31FAE80FA0083CFD3 /* ARSpaceTests */ = {
			isa = PBXGroup;
			children = (
				17E610F41FAE80FA0083CFD3 /* ARSpaceTests.swift */,
				17E610F61FAE80FA0083CFD3 /* Info.plist */,
			);
			path = ARSpaceTests;
			sourceTree = "<group>";
		};
		17E610FE1FAE80FA0083CFD3 /* ARSpaceUITests */ = {
			isa = PBXGroup;
			children = (
				17E610FF1FAE80FA0083CFD3 /* ARSpaceUITests.swift */,
				17E611011FAE80FA0083CFD3 /* Info.plist */,
			);
			path = ARSpaceUITests;
			sourceTree = "<group>";
		};
/* End PBXGroup section */

/* Begin PBXNativeTarget section */
		17E610D91FAE80FA0083CFD3 /* ARSpace */ = {
			isa = PBXNativeTarget;
			buildConfigurationList = 17E611041FAE80FA0083CFD3 /* Build configuration list for PBXNativeTarget "ARSpace" */;
			buildPhases = (
				17E610D61FAE80FA0083CFD3 /* Sources */,
				17E610D71FAE80FA0083CFD3 /* Frameworks */,
				17E610D81FAE80FA0083CFD3 /* Resources */,
			);
			buildRules = (
			);
			dependencies = (
			);
			name = ARSpace;
			productName = ARSpace;
			productReference = 17E610DA1FAE80FA0083CFD3 /* ARSpace.app */;
			productType = "com.apple.product-type.application";
		};
		17E610EF1FAE80FA0083CFD3 /* ARSpaceTests */ = {
			isa = PBXNativeTarget;
			buildConfigurationList = 17E611071FAE80FA0083CFD3 /* Build configuration list for PBXNativeTarget "ARSpaceTests" */;
			buildPhases = (
				17E610EC1FAE80FA0083CFD3 /* Sources */,
				17E610ED1FAE80FA0083CFD3 /* Frameworks */,
				17E610EE1FAE80FA0083CFD3 /* Resources */,
			);
			buildRules = (
			);
			dependencies = (
				17E610F21FAE80FA0083CFD3 /* PBXTargetDependency */,
			);
			name = ARSpaceTests;
			productName = ARSpaceTests;
			productReference = 17E610F01FAE80FA0083CFD3 /* ARSpaceTests.xctest */;
			productType = "com.apple.product-type.bundle.unit-test";
		};
		17E610FA1FAE80FA0083CFD3 /* ARSpaceUITests */ = {
			isa = PBXNativeTarget;
			buildConfigurationList = 17E6110A1FAE80FA0083CFD3 /* Build configuration list for PBXNativeTarget "ARSpaceUITests" */;
			buildPhases = (
				17E610F71FAE80FA0083CFD3 /* Sources */,
				17E610F81FAE80FA0083CFD3 /* Frameworks */,
				17E610F91FAE80FA0083CFD3 /* Resources */,
			);
			buildRules = (
			);
			dependencies = (
				17E610FD1FAE80FA0083CFD3 /* PBXTargetDependency */,
			);
			name = ARSpaceUITests;
			productName = ARSpaceUITests;
			productReference = 17E610FB1FAE80FA0083CFD3 /* ARSpaceUITests.xctest */;
			productType = "com.apple.product-type.bundle.ui-testing";
		};
/* End PBXNativeTarget section */

/* Begin PBXProject section */
		17E610D21FAE80F90083CFD3 /* Project object */ = {
			isa = PBXProject;
			attributes = {
				LastSwiftUpdateCheck = 0910;
				LastUpgradeCheck = 0910;
				ORGANIZATIONNAME = "Florian Gramß";
				TargetAttributes = {
					17E610D91FAE80FA0083CFD3 = {
						CreatedOnToolsVersion = 9.1;
						LastSwiftMigration = 0910;
						ProvisioningStyle = Automatic;
					};
					17E610EF1FAE80FA0083CFD3 = {
						CreatedOnToolsVersion = 9.1;
						ProvisioningStyle = Automatic;
						TestTargetID = 17E610D91FAE80FA0083CFD3;
					};
					17E610FA1FAE80FA0083CFD3 = {
						CreatedOnToolsVersion = 9.1;
						ProvisioningStyle = Automatic;
						TestTargetID = 17E610D91FAE80FA0083CFD3;
					};
				};
			};
			buildConfigurationList = 17E610D51FAE80F90083CFD3 /* Build configuration list for PBXProject "ARSpace" */;
			compatibilityVersion = "Xcode 8.0";
			developmentRegion = en;
			hasScannedForEncodings = 0;
			knownRegions = (
				en,
				Base,
			);
			mainGroup = 17E610D11FAE80F90083CFD3;
			productRefGroup = 17E610DB1FAE80FA0083CFD3 /* Products */;
			projectDirPath = "";
			projectRoot = "";
			targets = (
				17E610D91FAE80FA0083CFD3 /* ARSpace */,
				17E610EF1FAE80FA0083CFD3 /* ARSpaceTests */,
				17E610FA1FAE80FA0083CFD3 /* ARSpaceUITests */,
			);
		};
/* End PBXProject section */

/* Begin PBXResourcesBuildPhase section */
		17E610D81FAE80FA0083CFD3 /* Resources */ = {
			isa = PBXResourcesBuildPhase;
			buildActionMask = 2147483647;
			files = (
				17E6111B1FAE813B0083CFD3 /* Info.plist in Resources */,
				1792D02D1FAE857100332F51 /* LaunchScreen.storyboard in Resources */,
				17E611201FAE813B0083CFD3 /* art.scnassets in Resources */,
				17E6111E1FAE813B0083CFD3 /* starship.dae in Resources */,
				1792D0341FAEA10700332F51 /* Assets.xcassets in Resources */,
				17E611231FAE813B0083CFD3 /* Base.lproj in Resources */,
				1792D0321FAE866A00332F51 /* Main.storyboard in Resources */,
			);
			runOnlyForDeploymentPostprocessing = 0;
		};
		17E610EE1FAE80FA0083CFD3 /* Resources */ = {
			isa = PBXResourcesBuildPhase;
			buildActionMask = 2147483647;
			files = (
			);
			runOnlyForDeploymentPostprocessing = 0;
		};
		17E610F91FAE80FA0083CFD3 /* Resources */ = {
			isa = PBXResourcesBuildPhase;
			buildActionMask = 2147483647;
			files = (
			);
			runOnlyForDeploymentPostprocessing = 0;
		};
/* End PBXResourcesBuildPhase section */

/* Begin PBXSourcesBuildPhase section */
		17E610D61FAE80FA0083CFD3 /* Sources */ = {
			isa = PBXSourcesBuildPhase;
			buildActionMask = 2147483647;
			files = (
				17E611211FAE813B0083CFD3 /* AppDelegate.swift in Sources */,
				17E6111F1FAE813B0083CFD3 /* ViewController.swift in Sources */,
				17E6111D1FAE813B0083CFD3 /* Airplane.swift in Sources */,
				257DFDA71FAEA35600D0577D /* RendererFunctions.swift in Sources */,
				FAC500BC1FAF0FAA00FEF9B5 /* Asteroid.swift in Sources */,
			);
			runOnlyForDeploymentPostprocessing = 0;
		};
		17E610EC1FAE80FA0083CFD3 /* Sources */ = {
			isa = PBXSourcesBuildPhase;
			buildActionMask = 2147483647;
			files = (
				17E610F51FAE80FA0083CFD3 /* ARSpaceTests.swift in Sources */,
			);
			runOnlyForDeploymentPostprocessing = 0;
		};
		17E610F71FAE80FA0083CFD3 /* Sources */ = {
			isa = PBXSourcesBuildPhase;
			buildActionMask = 2147483647;
			files = (
				17E611001FAE80FA0083CFD3 /* ARSpaceUITests.swift in Sources */,
			);
			runOnlyForDeploymentPostprocessing = 0;
		};
/* End PBXSourcesBuildPhase section */

/* Begin PBXTargetDependency section */
		17E610F21FAE80FA0083CFD3 /* PBXTargetDependency */ = {
			isa = PBXTargetDependency;
			target = 17E610D91FAE80FA0083CFD3 /* ARSpace */;
			targetProxy = 17E610F11FAE80FA0083CFD3 /* PBXContainerItemProxy */;
		};
		17E610FD1FAE80FA0083CFD3 /* PBXTargetDependency */ = {
			isa = PBXTargetDependency;
			target = 17E610D91FAE80FA0083CFD3 /* ARSpace */;
			targetProxy = 17E610FC1FAE80FA0083CFD3 /* PBXContainerItemProxy */;
		};
/* End PBXTargetDependency section */

/* Begin XCBuildConfiguration section */
		17E611021FAE80FA0083CFD3 /* Debug */ = {
			isa = XCBuildConfiguration;
			buildSettings = {
				ALWAYS_SEARCH_USER_PATHS = NO;
				CLANG_ANALYZER_NONNULL = YES;
				CLANG_ANALYZER_NUMBER_OBJECT_CONVERSION = YES_AGGRESSIVE;
				CLANG_CXX_LANGUAGE_STANDARD = "gnu++14";
				CLANG_CXX_LIBRARY = "libc++";
				CLANG_ENABLE_MODULES = YES;
				CLANG_ENABLE_OBJC_ARC = YES;
				CLANG_WARN_BLOCK_CAPTURE_AUTORELEASING = YES;
				CLANG_WARN_BOOL_CONVERSION = YES;
				CLANG_WARN_COMMA = YES;
				CLANG_WARN_CONSTANT_CONVERSION = YES;
				CLANG_WARN_DIRECT_OBJC_ISA_USAGE = YES_ERROR;
				CLANG_WARN_DOCUMENTATION_COMMENTS = YES;
				CLANG_WARN_EMPTY_BODY = YES;
				CLANG_WARN_ENUM_CONVERSION = YES;
				CLANG_WARN_INFINITE_RECURSION = YES;
				CLANG_WARN_INT_CONVERSION = YES;
				CLANG_WARN_NON_LITERAL_NULL_CONVERSION = YES;
				CLANG_WARN_OBJC_LITERAL_CONVERSION = YES;
				CLANG_WARN_OBJC_ROOT_CLASS = YES_ERROR;
				CLANG_WARN_RANGE_LOOP_ANALYSIS = YES;
				CLANG_WARN_STRICT_PROTOTYPES = YES;
				CLANG_WARN_SUSPICIOUS_MOVE = YES;
				CLANG_WARN_UNGUARDED_AVAILABILITY = YES_AGGRESSIVE;
				CLANG_WARN_UNREACHABLE_CODE = YES;
				CLANG_WARN__DUPLICATE_METHOD_MATCH = YES;
				CODE_SIGN_IDENTITY = "iPhone Developer";
				COPY_PHASE_STRIP = NO;
				DEBUG_INFORMATION_FORMAT = dwarf;
				ENABLE_STRICT_OBJC_MSGSEND = YES;
				ENABLE_TESTABILITY = YES;
				GCC_C_LANGUAGE_STANDARD = gnu11;
				GCC_DYNAMIC_NO_PIC = NO;
				GCC_NO_COMMON_BLOCKS = YES;
				GCC_OPTIMIZATION_LEVEL = 0;
				GCC_PREPROCESSOR_DEFINITIONS = (
					"DEBUG=1",
					"$(inherited)",
				);
				GCC_WARN_64_TO_32_BIT_CONVERSION = YES;
				GCC_WARN_ABOUT_RETURN_TYPE = YES_ERROR;
				GCC_WARN_UNDECLARED_SELECTOR = YES;
				GCC_WARN_UNINITIALIZED_AUTOS = YES_AGGRESSIVE;
				GCC_WARN_UNUSED_FUNCTION = YES;
				GCC_WARN_UNUSED_VARIABLE = YES;
				IPHONEOS_DEPLOYMENT_TARGET = 11.1;
				MTL_ENABLE_DEBUG_INFO = YES;
				ONLY_ACTIVE_ARCH = YES;
				SDKROOT = iphoneos;
				SWIFT_ACTIVE_COMPILATION_CONDITIONS = DEBUG;
				SWIFT_OPTIMIZATION_LEVEL = "-Onone";
			};
			name = Debug;
		};
		17E611031FAE80FA0083CFD3 /* Release */ = {
			isa = XCBuildConfiguration;
			buildSettings = {
				ALWAYS_SEARCH_USER_PATHS = NO;
				CLANG_ANALYZER_NONNULL = YES;
				CLANG_ANALYZER_NUMBER_OBJECT_CONVERSION = YES_AGGRESSIVE;
				CLANG_CXX_LANGUAGE_STANDARD = "gnu++14";
				CLANG_CXX_LIBRARY = "libc++";
				CLANG_ENABLE_MODULES = YES;
				CLANG_ENABLE_OBJC_ARC = YES;
				CLANG_WARN_BLOCK_CAPTURE_AUTORELEASING = YES;
				CLANG_WARN_BOOL_CONVERSION = YES;
				CLANG_WARN_COMMA = YES;
				CLANG_WARN_CONSTANT_CONVERSION = YES;
				CLANG_WARN_DIRECT_OBJC_ISA_USAGE = YES_ERROR;
				CLANG_WARN_DOCUMENTATION_COMMENTS = YES;
				CLANG_WARN_EMPTY_BODY = YES;
				CLANG_WARN_ENUM_CONVERSION = YES;
				CLANG_WARN_INFINITE_RECURSION = YES;
				CLANG_WARN_INT_CONVERSION = YES;
				CLANG_WARN_NON_LITERAL_NULL_CONVERSION = YES;
				CLANG_WARN_OBJC_LITERAL_CONVERSION = YES;
				CLANG_WARN_OBJC_ROOT_CLASS = YES_ERROR;
				CLANG_WARN_RANGE_LOOP_ANALYSIS = YES;
				CLANG_WARN_STRICT_PROTOTYPES = YES;
				CLANG_WARN_SUSPICIOUS_MOVE = YES;
				CLANG_WARN_UNGUARDED_AVAILABILITY = YES_AGGRESSIVE;
				CLANG_WARN_UNREACHABLE_CODE = YES;
				CLANG_WARN__DUPLICATE_METHOD_MATCH = YES;
				CODE_SIGN_IDENTITY = "iPhone Developer";
				COPY_PHASE_STRIP = NO;
				DEBUG_INFORMATION_FORMAT = "dwarf-with-dsym";
				ENABLE_NS_ASSERTIONS = NO;
				ENABLE_STRICT_OBJC_MSGSEND = YES;
				GCC_C_LANGUAGE_STANDARD = gnu11;
				GCC_NO_COMMON_BLOCKS = YES;
				GCC_WARN_64_TO_32_BIT_CONVERSION = YES;
				GCC_WARN_ABOUT_RETURN_TYPE = YES_ERROR;
				GCC_WARN_UNDECLARED_SELECTOR = YES;
				GCC_WARN_UNINITIALIZED_AUTOS = YES_AGGRESSIVE;
				GCC_WARN_UNUSED_FUNCTION = YES;
				GCC_WARN_UNUSED_VARIABLE = YES;
				IPHONEOS_DEPLOYMENT_TARGET = 11.1;
				MTL_ENABLE_DEBUG_INFO = NO;
				SDKROOT = iphoneos;
				SWIFT_OPTIMIZATION_LEVEL = "-Owholemodule";
				VALIDATE_PRODUCT = YES;
			};
			name = Release;
		};
		17E611051FAE80FA0083CFD3 /* Debug */ = {
			isa = XCBuildConfiguration;
			buildSettings = {
				ASSETCATALOG_COMPILER_APPICON_NAME = AppIcon;
				CLANG_ENABLE_MODULES = YES;
				CODE_SIGN_STYLE = Automatic;
				DEVELOPMENT_TEAM = P9M5SZ6UKW;
				INFOPLIST_FILE = ARSpace/Info.plist;
				IPHONEOS_DEPLOYMENT_TARGET = 11.1;
				LD_RUNPATH_SEARCH_PATHS = "$(inherited) @executable_path/Frameworks";
				PRODUCT_BUNDLE_IDENTIFIER = com.ARSpace;
				PRODUCT_NAME = "$(TARGET_NAME)";
				SWIFT_OBJC_BRIDGING_HEADER = "ARSpace/ARSpace-Bridging-Header.h";
				SWIFT_OPTIMIZATION_LEVEL = "-Onone";
				SWIFT_VERSION = 4.0;
				TARGETED_DEVICE_FAMILY = "1,2";
			};
			name = Debug;
		};
		17E611061FAE80FA0083CFD3 /* Release */ = {
			isa = XCBuildConfiguration;
			buildSettings = {
				ASSETCATALOG_COMPILER_APPICON_NAME = AppIcon;
				CLANG_ENABLE_MODULES = YES;
				CODE_SIGN_STYLE = Automatic;
				DEVELOPMENT_TEAM = P9M5SZ6UKW;
				INFOPLIST_FILE = ARSpace/Info.plist;
				IPHONEOS_DEPLOYMENT_TARGET = 11.1;
				LD_RUNPATH_SEARCH_PATHS = "$(inherited) @executable_path/Frameworks";
				PRODUCT_BUNDLE_IDENTIFIER = com.ARSpace;
				PRODUCT_NAME = "$(TARGET_NAME)";
				SWIFT_OBJC_BRIDGING_HEADER = "ARSpace/ARSpace-Bridging-Header.h";
				SWIFT_VERSION = 4.0;
				TARGETED_DEVICE_FAMILY = "1,2";
			};
			name = Release;
		};
		17E611081FAE80FA0083CFD3 /* Debug */ = {
			isa = XCBuildConfiguration;
			buildSettings = {
				ALWAYS_EMBED_SWIFT_STANDARD_LIBRARIES = YES;
				BUNDLE_LOADER = "$(TEST_HOST)";
				CODE_SIGN_STYLE = Automatic;
				INFOPLIST_FILE = ARSpaceTests/Info.plist;
				LD_RUNPATH_SEARCH_PATHS = "$(inherited) @executable_path/Frameworks @loader_path/Frameworks";
				PRODUCT_BUNDLE_IDENTIFIER = com.mrlowalowa.ARSpaceTests;
				PRODUCT_NAME = "$(TARGET_NAME)";
				SWIFT_VERSION = 4.0;
				TARGETED_DEVICE_FAMILY = "1,2";
				TEST_HOST = "$(BUILT_PRODUCTS_DIR)/ARSpace.app/ARSpace";
			};
			name = Debug;
		};
		17E611091FAE80FA0083CFD3 /* Release */ = {
			isa = XCBuildConfiguration;
			buildSettings = {
				ALWAYS_EMBED_SWIFT_STANDARD_LIBRARIES = YES;
				BUNDLE_LOADER = "$(TEST_HOST)";
				CODE_SIGN_STYLE = Automatic;
				INFOPLIST_FILE = ARSpaceTests/Info.plist;
				LD_RUNPATH_SEARCH_PATHS = "$(inherited) @executable_path/Frameworks @loader_path/Frameworks";
				PRODUCT_BUNDLE_IDENTIFIER = com.mrlowalowa.ARSpaceTests;
				PRODUCT_NAME = "$(TARGET_NAME)";
				SWIFT_VERSION = 4.0;
				TARGETED_DEVICE_FAMILY = "1,2";
				TEST_HOST = "$(BUILT_PRODUCTS_DIR)/ARSpace.app/ARSpace";
			};
			name = Release;
		};
		17E6110B1FAE80FA0083CFD3 /* Debug */ = {
			isa = XCBuildConfiguration;
			buildSettings = {
				ALWAYS_EMBED_SWIFT_STANDARD_LIBRARIES = YES;
				CODE_SIGN_STYLE = Automatic;
				INFOPLIST_FILE = ARSpaceUITests/Info.plist;
				LD_RUNPATH_SEARCH_PATHS = "$(inherited) @executable_path/Frameworks @loader_path/Frameworks";
				PRODUCT_BUNDLE_IDENTIFIER = com.mrlowalowa.ARSpaceUITests;
				PRODUCT_NAME = "$(TARGET_NAME)";
				SWIFT_VERSION = 4.0;
				TARGETED_DEVICE_FAMILY = "1,2";
				TEST_TARGET_NAME = ARSpace;
			};
			name = Debug;
		};
		17E6110C1FAE80FA0083CFD3 /* Release */ = {
			isa = XCBuildConfiguration;
			buildSettings = {
				ALWAYS_EMBED_SWIFT_STANDARD_LIBRARIES = YES;
				CODE_SIGN_STYLE = Automatic;
				INFOPLIST_FILE = ARSpaceUITests/Info.plist;
				LD_RUNPATH_SEARCH_PATHS = "$(inherited) @executable_path/Frameworks @loader_path/Frameworks";
				PRODUCT_BUNDLE_IDENTIFIER = com.mrlowalowa.ARSpaceUITests;
				PRODUCT_NAME = "$(TARGET_NAME)";
				SWIFT_VERSION = 4.0;
				TARGETED_DEVICE_FAMILY = "1,2";
				TEST_TARGET_NAME = ARSpace;
			};
			name = Release;
		};
/* End XCBuildConfiguration section */

/* Begin XCConfigurationList section */
		17E610D51FAE80F90083CFD3 /* Build configuration list for PBXProject "ARSpace" */ = {
			isa = XCConfigurationList;
			buildConfigurations = (
				17E611021FAE80FA0083CFD3 /* Debug */,
				17E611031FAE80FA0083CFD3 /* Release */,
			);
			defaultConfigurationIsVisible = 0;
			defaultConfigurationName = Release;
		};
		17E611041FAE80FA0083CFD3 /* Build configuration list for PBXNativeTarget "ARSpace" */ = {
			isa = XCConfigurationList;
			buildConfigurations = (
				17E611051FAE80FA0083CFD3 /* Debug */,
				17E611061FAE80FA0083CFD3 /* Release */,
			);
			defaultConfigurationIsVisible = 0;
			defaultConfigurationName = Release;
		};
		17E611071FAE80FA0083CFD3 /* Build configuration list for PBXNativeTarget "ARSpaceTests" */ = {
			isa = XCConfigurationList;
			buildConfigurations = (
				17E611081FAE80FA0083CFD3 /* Debug */,
				17E611091FAE80FA0083CFD3 /* Release */,
			);
			defaultConfigurationIsVisible = 0;
			defaultConfigurationName = Release;
		};
		17E6110A1FAE80FA0083CFD3 /* Build configuration list for PBXNativeTarget "ARSpaceUITests" */ = {
			isa = XCConfigurationList;
			buildConfigurations = (
				17E6110B1FAE80FA0083CFD3 /* Debug */,
				17E6110C1FAE80FA0083CFD3 /* Release */,
			);
			defaultConfigurationIsVisible = 0;
			defaultConfigurationName = Release;
		};
/* End XCConfigurationList section */
	};
	rootObject = 17E610D21FAE80F90083CFD3 /* Project object */;
}
